
Microsoft Visual Studio Solution File, Format Version 12.00
# Visual Studio Version 17
VisualStudioVersion = 17.10.34916.146
MinimumVisualStudioVersion = 10.0.40219.1
Project("{9A19103F-16F7-4668-BE54-9A1E7A4F7556}") = "DragonRunes.Client", "DragonRunes.Client.csproj", "{EE452B7F-6A60-4519-BEB3-24722B7B80B7}"
EndProject
Project("{2150E333-8FDC-42A3-9474-1A3956D46DE8}") = "DragonRunes", "DragonRunes", "{87BF618D-6DFD-4783-B931-A931E8BA4908}"
EndProject
Project("{2150E333-8FDC-42A3-9474-1A3956D46DE8}") = "External", "External", "{CEEB5DDC-553B-4B65-92F3-2E7E98AACEE2}"
EndProject
Project("{9A19103F-16F7-4668-BE54-9A1E7A4F7556}") = "DragonRunes.Database", "..\External\EntityFrameworkCore\DragonRunes.Database.csproj", "{C2CB6026-9D56-4D78-8BB6-7A2F0CF7AB87}"
EndProject
Project("{2150E333-8FDC-42A3-9474-1A3956D46DE8}") = "Util", "Util", "{D1911BBD-5AC2-41A4-BDCE-C6F0E9263607}"
EndProject
Project("{9A19103F-16F7-4668-BE54-9A1E7A4F7556}") = "EntityFrameworkCore.Migrations.Runtime", "..\External\Util\EntityFrameworkCore.Migrations.Runtime\EntityFrameworkCore.Migrations.Runtime.csproj", "{97405343-171B-4758-9533-A32AF393523E}"
EndProject
Project("{9A19103F-16F7-4668-BE54-9A1E7A4F7556}") = "DragonRunes.Shared", "..\DragonRunes.Shared\DragonRunes.Shared.csproj", "{9C3B9A16-DF21-4F8D-BC89-B12347883F4D}"
EndProject
Project("{9A19103F-16F7-4668-BE54-9A1E7A4F7556}") = "DragonRunes.Models", "..\DragonRunes.Models\DragonRunes.Models.csproj", "{009FB9EC-40CC-4A48-A3C2-3A090314AAE9}"
EndProject
Project("{9A19103F-16F7-4668-BE54-9A1E7A4F7556}") = "DragonRunes.Logger", "..\DragonRunes.Logger\DragonRunes.Logger.csproj", "{51AFA646-BACF-4A02-BA5F-A72F3C252187}"
EndProject
Project("{FAE04EC0-301F-11D3-BF4B-00C04F79EFBC}") = "DragonRunes.Network", "..\DragonRunes.Network\DragonRunes.Network.csproj", "{003AF39D-54F0-4768-857C-CF5AD3A8F373}"
EndProject
Project("{9A19103F-16F7-4668-BE54-9A1E7A4F7556}") = "DragonRunes.Server", "..\DragonRunes.Server\DragonRunes.Server.csproj", "{AD7B369E-60A8-45CD-923F-98D2F4F72547}"
EndProject
Project("{9A19103F-16F7-4668-BE54-9A1E7A4F7556}") = "LiteNetLib", "..\External\LiteNetLib\LiteNetLib.csproj", "{623E2091-E2CF-4AFC-B6C4-9A9760F95A17}"
EndProject
Global
	GlobalSection(SolutionConfigurationPlatforms) = preSolution
		Debug|Any CPU = Debug|Any CPU
		ExportDebug|Any CPU = ExportDebug|Any CPU
		ExportRelease|Any CPU = ExportRelease|Any CPU
		Release|Any CPU = Release|Any CPU
	EndGlobalSection
	GlobalSection(ProjectConfigurationPlatforms) = postSolution
		{EE452B7F-6A60-4519-BEB3-24722B7B80B7}.Debug|Any CPU.ActiveCfg = Debug|Any CPU
		{EE452B7F-6A60-4519-BEB3-24722B7B80B7}.Debug|Any CPU.Build.0 = Debug|Any CPU
		{EE452B7F-6A60-4519-BEB3-24722B7B80B7}.ExportDebug|Any CPU.ActiveCfg = ExportDebug|Any CPU
		{EE452B7F-6A60-4519-BEB3-24722B7B80B7}.ExportDebug|Any CPU.Build.0 = ExportDebug|Any CPU
		{EE452B7F-6A60-4519-BEB3-24722B7B80B7}.ExportRelease|Any CPU.ActiveCfg = ExportRelease|Any CPU
		{EE452B7F-6A60-4519-BEB3-24722B7B80B7}.ExportRelease|Any CPU.Build.0 = ExportRelease|Any CPU
		{EE452B7F-6A60-4519-BEB3-24722B7B80B7}.Release|Any CPU.ActiveCfg = ExportRelease|Any CPU
		{EE452B7F-6A60-4519-BEB3-24722B7B80B7}.Release|Any CPU.Build.0 = ExportRelease|Any CPU
		{C2CB6026-9D56-4D78-8BB6-7A2F0CF7AB87}.Debug|Any CPU.ActiveCfg = Debug|Any CPU
		{C2CB6026-9D56-4D78-8BB6-7A2F0CF7AB87}.Debug|Any CPU.Build.0 = Debug|Any CPU
		{C2CB6026-9D56-4D78-8BB6-7A2F0CF7AB87}.ExportDebug|Any CPU.ActiveCfg = Debug|Any CPU
		{C2CB6026-9D56-4D78-8BB6-7A2F0CF7AB87}.ExportDebug|Any CPU.Build.0 = Debug|Any CPU
		{C2CB6026-9D56-4D78-8BB6-7A2F0CF7AB87}.ExportRelease|Any CPU.ActiveCfg = Release|Any CPU
		{C2CB6026-9D56-4D78-8BB6-7A2F0CF7AB87}.ExportRelease|Any CPU.Build.0 = Release|Any CPU
		{C2CB6026-9D56-4D78-8BB6-7A2F0CF7AB87}.Release|Any CPU.ActiveCfg = Release|Any CPU
		{C2CB6026-9D56-4D78-8BB6-7A2F0CF7AB87}.Release|Any CPU.Build.0 = Release|Any CPU
		{97405343-171B-4758-9533-A32AF393523E}.Debug|Any CPU.ActiveCfg = Debug|Any CPU
		{97405343-171B-4758-9533-A32AF393523E}.Debug|Any CPU.Build.0 = Debug|Any CPU
		{97405343-171B-4758-9533-A32AF393523E}.ExportDebug|Any CPU.ActiveCfg = Debug|Any CPU
		{97405343-171B-4758-9533-A32AF393523E}.ExportDebug|Any CPU.Build.0 = Debug|Any CPU
		{97405343-171B-4758-9533-A32AF393523E}.ExportRelease|Any CPU.ActiveCfg = Release|Any CPU
		{97405343-171B-4758-9533-A32AF393523E}.ExportRelease|Any CPU.Build.0 = Release|Any CPU
		{97405343-171B-4758-9533-A32AF393523E}.Release|Any CPU.ActiveCfg = Release|Any CPU
		{97405343-171B-4758-9533-A32AF393523E}.Release|Any CPU.Build.0 = Release|Any CPU
		{9C3B9A16-DF21-4F8D-BC89-B12347883F4D}.Debug|Any CPU.ActiveCfg = Debug|Any CPU
		{9C3B9A16-DF21-4F8D-BC89-B12347883F4D}.Debug|Any CPU.Build.0 = Debug|Any CPU
		{9C3B9A16-DF21-4F8D-BC89-B12347883F4D}.ExportDebug|Any CPU.ActiveCfg = Debug|Any CPU
		{9C3B9A16-DF21-4F8D-BC89-B12347883F4D}.ExportDebug|Any CPU.Build.0 = Debug|Any CPU
		{9C3B9A16-DF21-4F8D-BC89-B12347883F4D}.ExportRelease|Any CPU.ActiveCfg = Release|Any CPU
		{9C3B9A16-DF21-4F8D-BC89-B12347883F4D}.ExportRelease|Any CPU.Build.0 = Release|Any CPU
		{9C3B9A16-DF21-4F8D-BC89-B12347883F4D}.Release|Any CPU.ActiveCfg = Release|Any CPU
		{9C3B9A16-DF21-4F8D-BC89-B12347883F4D}.Release|Any CPU.Build.0 = Release|Any CPU
		{009FB9EC-40CC-4A48-A3C2-3A090314AAE9}.Debug|Any CPU.ActiveCfg = Debug|Any CPU
		{009FB9EC-40CC-4A48-A3C2-3A090314AAE9}.Debug|Any CPU.Build.0 = Debug|Any CPU
		{009FB9EC-40CC-4A48-A3C2-3A090314AAE9}.ExportDebug|Any CPU.ActiveCfg = Debug|Any CPU
		{009FB9EC-40CC-4A48-A3C2-3A090314AAE9}.ExportDebug|Any CPU.Build.0 = Debug|Any CPU
		{009FB9EC-40CC-4A48-A3C2-3A090314AAE9}.ExportRelease|Any CPU.ActiveCfg = Release|Any CPU
		{009FB9EC-40CC-4A48-A3C2-3A090314AAE9}.ExportRelease|Any CPU.Build.0 = Release|Any CPU
		{009FB9EC-40CC-4A48-A3C2-3A090314AAE9}.Release|Any CPU.ActiveCfg = Release|Any CPU
		{009FB9EC-40CC-4A48-A3C2-3A090314AAE9}.Release|Any CPU.Build.0 = Release|Any CPU
		{51AFA646-BACF-4A02-BA5F-A72F3C252187}.Debug|Any CPU.ActiveCfg = Debug|Any CPU
		{51AFA646-BACF-4A02-BA5F-A72F3C252187}.Debug|Any CPU.Build.0 = Debug|Any CPU
		{51AFA646-BACF-4A02-BA5F-A72F3C252187}.ExportDebug|Any CPU.ActiveCfg = Debug|Any CPU
		{51AFA646-BACF-4A02-BA5F-A72F3C252187}.ExportDebug|Any CPU.Build.0 = Debug|Any CPU
		{51AFA646-BACF-4A02-BA5F-A72F3C252187}.ExportRelease|Any CPU.ActiveCfg = Release|Any CPU
		{51AFA646-BACF-4A02-BA5F-A72F3C252187}.ExportRelease|Any CPU.Build.0 = Release|Any CPU
		{51AFA646-BACF-4A02-BA5F-A72F3C252187}.Release|Any CPU.ActiveCfg = Release|Any CPU
		{51AFA646-BACF-4A02-BA5F-A72F3C252187}.Release|Any CPU.Build.0 = Release|Any CPU
		{003AF39D-54F0-4768-857C-CF5AD3A8F373}.Debug|Any CPU.ActiveCfg = Debug|Any CPU
		{003AF39D-54F0-4768-857C-CF5AD3A8F373}.Debug|Any CPU.Build.0 = Debug|Any CPU
		{003AF39D-54F0-4768-857C-CF5AD3A8F373}.ExportDebug|Any CPU.ActiveCfg = Debug|Any CPU
		{003AF39D-54F0-4768-857C-CF5AD3A8F373}.ExportDebug|Any CPU.Build.0 = Debug|Any CPU
		{003AF39D-54F0-4768-857C-CF5AD3A8F373}.ExportRelease|Any CPU.ActiveCfg = Release|Any CPU
		{003AF39D-54F0-4768-857C-CF5AD3A8F373}.ExportRelease|Any CPU.Build.0 = Release|Any CPU
		{003AF39D-54F0-4768-857C-CF5AD3A8F373}.Release|Any CPU.ActiveCfg = Release|Any CPU
		{003AF39D-54F0-4768-857C-CF5AD3A8F373}.Release|Any CPU.Build.0 = Release|Any CPU
		{AD7B369E-60A8-45CD-923F-98D2F4F72547}.Debug|Any CPU.ActiveCfg = Debug|Any CPU
		{AD7B369E-60A8-45CD-923F-98D2F4F72547}.Debug|Any CPU.Build.0 = Debug|Any CPU
		{AD7B369E-60A8-45CD-923F-98D2F4F72547}.ExportDebug|Any CPU.ActiveCfg = Debug|Any CPU
		{AD7B369E-60A8-45CD-923F-98D2F4F72547}.ExportDebug|Any CPU.Build.0 = Debug|Any CPU
		{AD7B369E-60A8-45CD-923F-98D2F4F72547}.ExportRelease|Any CPU.ActiveCfg = Release|Any CPU
		{AD7B369E-60A8-45CD-923F-98D2F4F72547}.ExportRelease|Any CPU.Build.0 = Release|Any CPU
		{AD7B369E-60A8-45CD-923F-98D2F4F72547}.Release|Any CPU.ActiveCfg = Release|Any CPU
		{AD7B369E-60A8-45CD-923F-98D2F4F72547}.Release|Any CPU.Build.0 = Release|Any CPU
		{623E2091-E2CF-4AFC-B6C4-9A9760F95A17}.Debug|Any CPU.ActiveCfg = Debug|Any CPU
		{623E2091-E2CF-4AFC-B6C4-9A9760F95A17}.Debug|Any CPU.Build.0 = Debug|Any CPU
		{623E2091-E2CF-4AFC-B6C4-9A9760F95A17}.ExportDebug|Any CPU.ActiveCfg = Debug|Any CPU
		{623E2091-E2CF-4AFC-B6C4-9A9760F95A17}.ExportDebug|Any CPU.Build.0 = Debug|Any CPU
		{623E2091-E2CF-4AFC-B6C4-9A9760F95A17}.ExportRelease|Any CPU.ActiveCfg = Release|Any CPU
		{623E2091-E2CF-4AFC-B6C4-9A9760F95A17}.ExportRelease|Any CPU.Build.0 = Release|Any CPU
		{623E2091-E2CF-4AFC-B6C4-9A9760F95A17}.Release|Any CPU.ActiveCfg = Release|Any CPU
		{623E2091-E2CF-4AFC-B6C4-9A9760F95A17}.Release|Any CPU.Build.0 = Release|Any CPU
	EndGlobalSection
	GlobalSection(SolutionProperties) = preSolution
		HideSolutionNode = FALSE
	EndGlobalSection
	GlobalSection(NestedProjects) = preSolution
		{EE452B7F-6A60-4519-BEB3-24722B7B80B7} = {87BF618D-6DFD-4783-B931-A931E8BA4908}
		{C2CB6026-9D56-4D78-8BB6-7A2F0CF7AB87} = {CEEB5DDC-553B-4B65-92F3-2E7E98AACEE2}
		{D1911BBD-5AC2-41A4-BDCE-C6F0E9263607} = {CEEB5DDC-553B-4B65-92F3-2E7E98AACEE2}
		{97405343-171B-4758-9533-A32AF393523E} = {D1911BBD-5AC2-41A4-BDCE-C6F0E9263607}
		{9C3B9A16-DF21-4F8D-BC89-B12347883F4D} = {CEEB5DDC-553B-4B65-92F3-2E7E98AACEE2}
		{009FB9EC-40CC-4A48-A3C2-3A090314AAE9} = {87BF618D-6DFD-4783-B931-A931E8BA4908}
		{51AFA646-BACF-4A02-BA5F-A72F3C252187} = {87BF618D-6DFD-4783-B931-A931E8BA4908}
		{003AF39D-54F0-4768-857C-CF5AD3A8F373} = {87BF618D-6DFD-4783-B931-A931E8BA4908}
		{AD7B369E-60A8-45CD-923F-98D2F4F72547} = {87BF618D-6DFD-4783-B931-A931E8BA4908}
		{623E2091-E2CF-4AFC-B6C4-9A9760F95A17} = {CEEB5DDC-553B-4B65-92F3-2E7E98AACEE2}
	EndGlobalSection
	GlobalSection(ExtensibilityGlobals) = postSolution
		SolutionGuid = {9052F5DF-4A94-46D6-A632-2107EC7327D8}
	EndGlobalSection
EndGlobal
