
Microsoft Visual Studio Solution File, Format Version 12.00
# Visual Studio Version 17
VisualStudioVersion = 17.9.34622.214
MinimumVisualStudioVersion = 10.0.40219.1
Project("{9A19103F-16F7-4668-BE54-9A1E7A4F7556}") = "Gd Project", "Gd Project.csproj", "{2BF074FD-E855-4494-AB24-5C1A2174C99E}"
EndProject
Project("{2150E333-8FDC-42A3-9474-1A3956D46DE8}") = "GDProject", "GDProject", "{FE6FD927-09A6-4D0F-A9E8-CA95E55F2B09}"
EndProject
Project("{9A19103F-16F7-4668-BE54-9A1E7A4F7556}") = "LiteNetLib", "..\LiteNetLib\LiteNetLib.csproj", "{6498CA2B-8216-4F94-B532-96AC2E124578}"
EndProject
Project("{2150E333-8FDC-42A3-9474-1A3956D46DE8}") = "External", "External", "{4F4966CF-0EBC-44D5-B1EA-C5D2EE9A9A0D}"
EndProject
Project("{9A19103F-16F7-4668-BE54-9A1E7A4F7556}") = "EntityFramework", "..\DatabaseEF\EntityFramework.csproj", "{86F8B035-C9D6-4140-8F6A-61E58EF38D27}"
EndProject
Project("{FAE04EC0-301F-11D3-BF4B-00C04F79EFBC}") = "Server", "..\Server\Server.csproj", "{8E81CE8A-C5A0-45EB-AFA5-3F2B24DAB507}"
EndProject
Project("{FAE04EC0-301F-11D3-BF4B-00C04F79EFBC}") = "SharedLibrary", "..\SharedLibrary\SharedLibrary.csproj", "{279A2BE2-ECAD-4031-A950-F8073D226291}"
EndProject
Global
	GlobalSection(SolutionConfigurationPlatforms) = preSolution
		Debug|Any CPU = Debug|Any CPU
		ExportDebug|Any CPU = ExportDebug|Any CPU
		ExportRelease|Any CPU = ExportRelease|Any CPU
		Release|Any CPU = Release|Any CPU
	EndGlobalSection
	GlobalSection(ProjectConfigurationPlatforms) = postSolution
		{2BF074FD-E855-4494-AB24-5C1A2174C99E}.Debug|Any CPU.ActiveCfg = Debug|Any CPU
		{2BF074FD-E855-4494-AB24-5C1A2174C99E}.Debug|Any CPU.Build.0 = Debug|Any CPU
		{2BF074FD-E855-4494-AB24-5C1A2174C99E}.ExportDebug|Any CPU.ActiveCfg = ExportDebug|Any CPU
		{2BF074FD-E855-4494-AB24-5C1A2174C99E}.ExportDebug|Any CPU.Build.0 = ExportDebug|Any CPU
		{2BF074FD-E855-4494-AB24-5C1A2174C99E}.ExportRelease|Any CPU.ActiveCfg = ExportRelease|Any CPU
		{2BF074FD-E855-4494-AB24-5C1A2174C99E}.ExportRelease|Any CPU.Build.0 = ExportRelease|Any CPU
		{2BF074FD-E855-4494-AB24-5C1A2174C99E}.Release|Any CPU.ActiveCfg = ExportRelease|Any CPU
		{2BF074FD-E855-4494-AB24-5C1A2174C99E}.Release|Any CPU.Build.0 = ExportRelease|Any CPU
		{6498CA2B-8216-4F94-B532-96AC2E124578}.Debug|Any CPU.ActiveCfg = Debug|Any CPU
		{6498CA2B-8216-4F94-B532-96AC2E124578}.Debug|Any CPU.Build.0 = Debug|Any CPU
		{6498CA2B-8216-4F94-B532-96AC2E124578}.ExportDebug|Any CPU.ActiveCfg = Debug|Any CPU
		{6498CA2B-8216-4F94-B532-96AC2E124578}.ExportDebug|Any CPU.Build.0 = Debug|Any CPU
		{6498CA2B-8216-4F94-B532-96AC2E124578}.ExportRelease|Any CPU.ActiveCfg = Release|Any CPU
		{6498CA2B-8216-4F94-B532-96AC2E124578}.ExportRelease|Any CPU.Build.0 = Release|Any CPU
		{6498CA2B-8216-4F94-B532-96AC2E124578}.Release|Any CPU.ActiveCfg = Release|Any CPU
		{6498CA2B-8216-4F94-B532-96AC2E124578}.Release|Any CPU.Build.0 = Release|Any CPU
		{86F8B035-C9D6-4140-8F6A-61E58EF38D27}.Debug|Any CPU.ActiveCfg = Debug|Any CPU
		{86F8B035-C9D6-4140-8F6A-61E58EF38D27}.Debug|Any CPU.Build.0 = Debug|Any CPU
		{86F8B035-C9D6-4140-8F6A-61E58EF38D27}.ExportDebug|Any CPU.ActiveCfg = Debug|Any CPU
		{86F8B035-C9D6-4140-8F6A-61E58EF38D27}.ExportDebug|Any CPU.Build.0 = Debug|Any CPU
		{86F8B035-C9D6-4140-8F6A-61E58EF38D27}.ExportRelease|Any CPU.ActiveCfg = Release|Any CPU
		{86F8B035-C9D6-4140-8F6A-61E58EF38D27}.ExportRelease|Any CPU.Build.0 = Release|Any CPU
		{86F8B035-C9D6-4140-8F6A-61E58EF38D27}.Release|Any CPU.ActiveCfg = Release|Any CPU
		{86F8B035-C9D6-4140-8F6A-61E58EF38D27}.Release|Any CPU.Build.0 = Release|Any CPU
		{8E81CE8A-C5A0-45EB-AFA5-3F2B24DAB507}.Debug|Any CPU.ActiveCfg = Debug|Any CPU
		{8E81CE8A-C5A0-45EB-AFA5-3F2B24DAB507}.Debug|Any CPU.Build.0 = Debug|Any CPU
		{8E81CE8A-C5A0-45EB-AFA5-3F2B24DAB507}.ExportDebug|Any CPU.ActiveCfg = Debug|Any CPU
		{8E81CE8A-C5A0-45EB-AFA5-3F2B24DAB507}.ExportDebug|Any CPU.Build.0 = Debug|Any CPU
		{8E81CE8A-C5A0-45EB-AFA5-3F2B24DAB507}.ExportRelease|Any CPU.ActiveCfg = Release|Any CPU
		{8E81CE8A-C5A0-45EB-AFA5-3F2B24DAB507}.ExportRelease|Any CPU.Build.0 = Release|Any CPU
		{8E81CE8A-C5A0-45EB-AFA5-3F2B24DAB507}.Release|Any CPU.ActiveCfg = Release|Any CPU
		{8E81CE8A-C5A0-45EB-AFA5-3F2B24DAB507}.Release|Any CPU.Build.0 = Release|Any CPU
		{279A2BE2-ECAD-4031-A950-F8073D226291}.Debug|Any CPU.ActiveCfg = Debug|Any CPU
		{279A2BE2-ECAD-4031-A950-F8073D226291}.Debug|Any CPU.Build.0 = Debug|Any CPU
		{279A2BE2-ECAD-4031-A950-F8073D226291}.ExportDebug|Any CPU.ActiveCfg = Debug|Any CPU
		{279A2BE2-ECAD-4031-A950-F8073D226291}.ExportDebug|Any CPU.Build.0 = Debug|Any CPU
		{279A2BE2-ECAD-4031-A950-F8073D226291}.ExportRelease|Any CPU.ActiveCfg = Release|Any CPU
		{279A2BE2-ECAD-4031-A950-F8073D226291}.ExportRelease|Any CPU.Build.0 = Release|Any CPU
		{279A2BE2-ECAD-4031-A950-F8073D226291}.Release|Any CPU.ActiveCfg = Release|Any CPU
		{279A2BE2-ECAD-4031-A950-F8073D226291}.Release|Any CPU.Build.0 = Release|Any CPU
	EndGlobalSection
	GlobalSection(SolutionProperties) = preSolution
		HideSolutionNode = FALSE
	EndGlobalSection
	GlobalSection(NestedProjects) = preSolution
		{2BF074FD-E855-4494-AB24-5C1A2174C99E} = {FE6FD927-09A6-4D0F-A9E8-CA95E55F2B09}
		{6498CA2B-8216-4F94-B532-96AC2E124578} = {4F4966CF-0EBC-44D5-B1EA-C5D2EE9A9A0D}
		{86F8B035-C9D6-4140-8F6A-61E58EF38D27} = {4F4966CF-0EBC-44D5-B1EA-C5D2EE9A9A0D}
		{8E81CE8A-C5A0-45EB-AFA5-3F2B24DAB507} = {FE6FD927-09A6-4D0F-A9E8-CA95E55F2B09}
		{279A2BE2-ECAD-4031-A950-F8073D226291} = {FE6FD927-09A6-4D0F-A9E8-CA95E55F2B09}
	EndGlobalSection
	GlobalSection(ExtensibilityGlobals) = postSolution
		SolutionGuid = {96873BD4-1BDF-46F0-96E7-D2DD0F008C91}
	EndGlobalSection
EndGlobal
